# This file is automatically @generated by Cargo.
# It is not intended for manual editing.
version = 3

[[package]]
name = "autocfg"
version = "1.1.0"
source = "registry+https://github.com/rust-lang/crates.io-index"
checksum = "d468802bab17cbc0cc575e9b053f41e72aa36bfa6b7f55e3529ffa43161b97fa"

[[package]]
name = "context-impl"
version = "0.1.0"
dependencies = [
 "handler-structs",
 "message-structs",
 "proc-macro2",
 "quote",
 "syn",
]

[[package]]
name = "context-proc-macros"
version = "0.1.0"
dependencies = [
 "proc-macro-helpers",
 "proc-macro2",
 "quote",
 "syn",
]

[[package]]
name = "example-handlers"
version = "0.1.0"
dependencies = [
 "example-messages",
 "futures",
 "handler-proc-macros",
 "handler-structs",
 "message-structs",
]

[[package]]
name = "example-messages"
version = "0.1.0"
dependencies = [
 "futures",
 "message-proc-macros",
 "message-structs",
]

[[package]]
name = "futures"
version = "0.3.27"
source = "registry+https://github.com/rust-lang/crates.io-index"
checksum = "531ac96c6ff5fd7c62263c5e3c67a603af4fcaee2e1a0ae5565ba3a11e69e549"
dependencies = [
 "futures-channel",
 "futures-core",
 "futures-executor",
 "futures-io",
 "futures-sink",
 "futures-task",
 "futures-util",
]

[[package]]
name = "futures-channel"
version = "0.3.27"
source = "registry+https://github.com/rust-lang/crates.io-index"
checksum = "164713a5a0dcc3e7b4b1ed7d3b433cabc18025386f9339346e8daf15963cf7ac"
dependencies = [
 "futures-core",
 "futures-sink",
]

[[package]]
name = "futures-core"
version = "0.3.27"
source = "registry+https://github.com/rust-lang/crates.io-index"
checksum = "86d7a0c1aa76363dac491de0ee99faf6941128376f1cf96f07db7603b7de69dd"

[[package]]
name = "futures-executor"
version = "0.3.27"
source = "registry+https://github.com/rust-lang/crates.io-index"
checksum = "1997dd9df74cdac935c76252744c1ed5794fac083242ea4fe77ef3ed60ba0f83"
dependencies = [
 "futures-core",
 "futures-task",
 "futures-util",
]

[[package]]
name = "futures-io"
version = "0.3.27"
source = "registry+https://github.com/rust-lang/crates.io-index"
checksum = "89d422fa3cbe3b40dca574ab087abb5bc98258ea57eea3fd6f1fa7162c778b91"

[[package]]
name = "futures-macro"
version = "0.3.27"
source = "registry+https://github.com/rust-lang/crates.io-index"
checksum = "3eb14ed937631bd8b8b8977f2c198443447a8355b6e3ca599f38c975e5a963b6"
dependencies = [
 "proc-macro2",
 "quote",
 "syn",
]

[[package]]
name = "futures-sink"
version = "0.3.27"
source = "registry+https://github.com/rust-lang/crates.io-index"
checksum = "ec93083a4aecafb2a80a885c9de1f0ccae9dbd32c2bb54b0c3a65690e0b8d2f2"

[[package]]
name = "futures-task"
version = "0.3.27"
source = "registry+https://github.com/rust-lang/crates.io-index"
checksum = "fd65540d33b37b16542a0438c12e6aeead10d4ac5d05bd3f805b8f35ab592879"

[[package]]
name = "futures-util"
version = "0.3.27"
source = "registry+https://github.com/rust-lang/crates.io-index"
checksum = "3ef6b17e481503ec85211fed8f39d1970f128935ca1f814cd32ac4a6842e84ab"
dependencies = [
 "futures-channel",
 "futures-core",
 "futures-io",
 "futures-macro",
 "futures-sink",
 "futures-task",
 "memchr",
 "pin-project-lite",
 "pin-utils",
 "slab",
]

[[package]]
name = "handler-proc-macros"
version = "0.1.0"
dependencies = [
 "proc-macro-helpers",
 "proc-macro2",
 "quote",
 "syn",
]

[[package]]
name = "handler-structs"
version = "0.1.0"
dependencies = [
 "message-structs",
]

[[package]]
name = "memchr"
version = "2.5.0"
source = "registry+https://github.com/rust-lang/crates.io-index"
checksum = "2dffe52ecf27772e601905b7522cb4ef790d2cc203488bbd0e2fe85fcb74566d"

[[package]]
name = "message-list"
version = "0.1.0"
dependencies = [
 "context-impl",
 "context-proc-macros",
 "example-handlers",
 "example-messages",
 "handler-structs",
 "message-structs",
 "proc-macro2",
]

[[package]]
name = "message-proc-macros"
version = "0.1.0"
dependencies = [
 "proc-macro2",
 "quote",
 "syn",
]

[[package]]
name = "message-structs"
version = "0.1.0"

[[package]]
name = "pin-project-lite"
version = "0.2.9"
source = "registry+https://github.com/rust-lang/crates.io-index"
checksum = "e0a7ae3ac2f1173085d398531c705756c94a4c56843785df85a60c1a0afac116"

[[package]]
name = "pin-utils"
version = "0.1.0"
source = "registry+https://github.com/rust-lang/crates.io-index"
checksum = "8b870d8c151b6f2fb93e84a13146138f05d02ed11c7e7c54f8826aaaf7c9f184"

[[package]]
name = "proc-macro-helpers"
version = "0.1.0"
dependencies = [
 "syn",
]

[[package]]
name = "proc-macro2"
version = "1.0.50"
source = "registry+https://github.com/rust-lang/crates.io-index"
checksum = "6ef7d57beacfaf2d8aee5937dab7b7f28de3cb8b1828479bb5de2a7106f2bae2"
dependencies = [
 "unicode-ident",
]

[[package]]
name = "quote"
version = "1.0.23"
source = "registry+https://github.com/rust-lang/crates.io-index"
checksum = "8856d8364d252a14d474036ea1358d63c9e6965c8e5c1885c18f73d70bff9c7b"
dependencies = [
 "proc-macro2",
]

[[package]]
name = "slab"
version = "0.4.7"
source = "registry+https://github.com/rust-lang/crates.io-index"
checksum = "4614a76b2a8be0058caa9dbbaf66d988527d86d003c11a94fbd335d7661edcef"
dependencies = [
 "autocfg",
]

[[package]]
name = "syn"
version = "1.0.107"
source = "registry+https://github.com/rust-lang/crates.io-index"
checksum = "1f4064b5b16e03ae50984a5a8ed5d4f8803e6bc1fd170a3cda91a1be4b18e3f5"
dependencies = [
 "proc-macro2",
 "quote",
 "unicode-ident",
]

[[package]]
name = "unicode-ident"
version = "1.0.6"
source = "registry+https://github.com/rust-lang/crates.io-index"
checksum = "84a22b9f218b40614adcb3f4ff08b703773ad44fa9423e4e0d346d5db86e4ebc"
